<?xml version="1.0" encoding="utf-8"?>
<Project ToolsVersion="4.0" xmlns="http://schemas.microsoft.com/developer/msbuild/2003">
  <ItemGroup>
    <Filter Include="Заголовочные файлы">
      <UniqueIdentifier>{98a0103a-94e7-4199-8833-29144d583b3c}</UniqueIdentifier>
    </Filter>
    <Filter Include="Файлы исходного кода">
      <UniqueIdentifier>{9359e7c2-5f34-4aef-8e61-ce738252f271}</UniqueIdentifier>
    </Filter>
    <Filter Include="Файлы исходного кода\PhysX">
      <UniqueIdentifier>{2c87ee5b-293b-471c-bed9-0aa66abcde95}</UniqueIdentifier>
    </Filter>
    <Filter Include="Заголовочные файлы\PhysX">
      <UniqueIdentifier>{ddff9576-7f8e-46d9-8b99-625084b7bc0c}</UniqueIdentifier>
    </Filter>
    <Filter Include="Файлы исходного кода\Script">
      <UniqueIdentifier>{88956cec-c26c-46f0-9ec9-a0c82696786c}</UniqueIdentifier>
    </Filter>
    <Filter Include="Заголовочные файлы\API">
      <UniqueIdentifier>{5a30d003-53a5-4642-adf8-d8a5b35b888b}</UniqueIdentifier>
    </Filter>
    <Filter Include="Файлы исходного кода\API">
      <UniqueIdentifier>{855ef171-b062-45a2-a21f-8f9a5f93a336}</UniqueIdentifier>
    </Filter>
    <Filter Include="Файлы исходного кода\Cameras">
      <UniqueIdentifier>{50a3ec95-32c9-4232-849b-97983804bc35}</UniqueIdentifier>
    </Filter>
    <Filter Include="Файлы исходного кода\Console">
      <UniqueIdentifier>{62b3bdc3-eb24-4ea9-b42c-5daea5a0cdc9}</UniqueIdentifier>
    </Filter>
  </ItemGroup>
  <ItemGroup>
    <ClInclude Include="inc\ALSound.h">
      <Filter>Заголовочные файлы</Filter>
    </ClInclude>
    <ClInclude Include="inc\ALSoundSource.h">
      <Filter>Заголовочные файлы</Filter>
    </ClInclude>
    <ClInclude Include="inc\ALSystem.h">
      <Filter>Заголовочные файлы</Filter>
    </ClInclude>
    <ClInclude Include="inc\Cache.h">
      <Filter>Заголовочные файлы</Filter>
    </ClInclude>
    <ClInclude Include="inc\Camera.h">
      <Filter>Заголовочные файлы</Filter>
    </ClInclude>
    <ClInclude Include="inc\Console.h">
      <Filter>Заголовочные файлы</Filter>
    </ClInclude>
    <ClInclude Include="inc\DLLDef.h">
      <Filter>Заголовочные файлы</Filter>
    </ClInclude>
    <ClInclude Include="inc\Effect.h">
      <Filter>Заголовочные файлы</Filter>
    </ClInclude>
    <ClInclude Include="inc\Engine.h">
      <Filter>Заголовочные файлы</Filter>
    </ClInclude>
    <ClInclude Include="inc\EngineAppBase.h">
      <Filter>Заголовочные файлы</Filter>
    </ClInclude>
    <ClInclude Include="inc\EnginePrivate.h">
      <Filter>Заголовочные файлы</Filter>
    </ClInclude>
    <ClInclude Include="inc\EngineScriptInterp.h">
      <Filter>Заголовочные файлы</Filter>
    </ClInclude>
    <ClInclude Include="inc\Flare.h">
      <Filter>Заголовочные файлы</Filter>
    </ClInclude>
    <ClInclude Include="inc\Font.h">
      <Filter>Заголовочные файлы</Filter>
    </ClInclude>
    <ClInclude Include="inc\Frustum.h">
      <Filter>Заголовочные файлы</Filter>
    </ClInclude>
    <ClInclude Include="inc\GUI.h">
      <Filter>Заголовочные файлы</Filter>
    </ClInclude>
    <ClInclude Include="inc\Light.h">
      <Filter>Заголовочные файлы</Filter>
    </ClInclude>
    <ClInclude Include="inc\LoadingScreen.h">
      <Filter>Заголовочные файлы</Filter>
    </ClInclude>
    <ClInclude Include="inc\Material.h">
      <Filter>Заголовочные файлы</Filter>
    </ClInclude>
    <ClInclude Include="inc\Model.h">
      <Filter>Заголовочные файлы</Filter>
    </ClInclude>
    <ClInclude Include="inc\Object.h">
      <Filter>Заголовочные файлы</Filter>
    </ClInclude>
    <ClInclude Include="inc\ParticleSystem.h">
      <Filter>Заголовочные файлы</Filter>
    </ClInclude>
    <ClInclude Include="inc\PhysBody.h">
      <Filter>Заголовочные файлы</Filter>
    </ClInclude>
    <ClInclude Include="inc\PhysJoint.h">
      <Filter>Заголовочные файлы</Filter>
    </ClInclude>
    <ClInclude Include="inc\PhysSystem.h">
      <Filter>Заголовочные файлы</Filter>
    </ClInclude>
    <ClInclude Include="inc\Scene.h">
      <Filter>Заголовочные файлы</Filter>
    </ClInclude>
    <ClInclude Include="inc\Terrain.h">
      <Filter>Заголовочные файлы</Filter>
    </ClInclude>
    <ClInclude Include="inc\WindowSystem.h">
      <Filter>Заголовочные файлы</Filter>
    </ClInclude>
    <ClInclude Include="inc\PhysXUtils.h">
      <Filter>Заголовочные файлы\PhysX</Filter>
    </ClInclude>
    <ClInclude Include="inc\Callback.h">
      <Filter>Заголовочные файлы</Filter>
    </ClInclude>
    <ClInclude Include="inc\EnginePlugins.h">
      <Filter>Заголовочные файлы</Filter>
    </ClInclude>
    <ClInclude Include="inc\EngineThreads.h">
      <Filter>Заголовочные файлы</Filter>
    </ClInclude>
    <ClInclude Include="inc\WindowSystem_GLFW.h">
      <Filter>Заголовочные файлы</Filter>
    </ClInclude>
    <ClInclude Include="inc\WindowEvents.h">
      <Filter>Заголовочные файлы</Filter>
    </ClInclude>
    <ClInclude Include="inc\PhysicsUpdateJob.h">
      <Filter>Заголовочные файлы</Filter>
    </ClInclude>
    <ClInclude Include="inc\SceneUpdateJob.h">
      <Filter>Заголовочные файлы</Filter>
    </ClInclude>
    <ClInclude Include="Inc\WrappedScriptFunctions.h">
      <Filter>Заголовочные файлы\API</Filter>
    </ClInclude>
  </ItemGroup>
  <ItemGroup>
    <ClCompile Include="src\ALSound.cpp">
      <Filter>Файлы исходного кода</Filter>
    </ClCompile>
    <ClCompile Include="src\ALSoundSource.cpp">
      <Filter>Файлы исходного кода</Filter>
    </ClCompile>
    <ClCompile Include="src\ALSystem.cpp">
      <Filter>Файлы исходного кода</Filter>
    </ClCompile>
    <ClCompile Include="src\Cache.cpp">
      <Filter>Файлы исходного кода</Filter>
    </ClCompile>
    <ClCompile Include="src\Effect.cpp">
      <Filter>Файлы исходного кода</Filter>
    </ClCompile>
    <ClCompile Include="src\Engine.cpp">
      <Filter>Файлы исходного кода</Filter>
    </ClCompile>
    <ClCompile Include="src\EngineAppBase.cpp">
      <Filter>Файлы исходного кода</Filter>
    </ClCompile>
    <ClCompile Include="src\EnginePrivate.cpp">
      <Filter>Файлы исходного кода</Filter>
    </ClCompile>
    <ClCompile Include="src\EngineScriptInterp.cpp">
      <Filter>Файлы исходного кода</Filter>
    </ClCompile>
    <ClCompile Include="src\Flare.cpp">
      <Filter>Файлы исходного кода</Filter>
    </ClCompile>
    <ClCompile Include="src\Font.cpp">
      <Filter>Файлы исходного кода</Filter>
    </ClCompile>
    <ClCompile Include="src\Frustum.cpp">
      <Filter>Файлы исходного кода</Filter>
    </ClCompile>
    <ClCompile Include="src\GUI.cpp">
      <Filter>Файлы исходного кода</Filter>
    </ClCompile>
    <ClCompile Include="src\Light.cpp">
      <Filter>Файлы исходного кода</Filter>
    </ClCompile>
    <ClCompile Include="src\LoadingScreen.cpp">
      <Filter>Файлы исходного кода</Filter>
    </ClCompile>
    <ClCompile Include="src\Material.cpp">
      <Filter>Файлы исходного кода</Filter>
    </ClCompile>
    <ClCompile Include="src\Model.cpp">
      <Filter>Файлы исходного кода</Filter>
    </ClCompile>
    <ClCompile Include="src\Object.cpp">
      <Filter>Файлы исходного кода</Filter>
    </ClCompile>
    <ClCompile Include="src\ParticleSystem.cpp">
      <Filter>Файлы исходного кода</Filter>
    </ClCompile>
    <ClCompile Include="src\PhysBody.cpp">
      <Filter>Файлы исходного кода</Filter>
    </ClCompile>
    <ClCompile Include="src\PhysJoint.cpp">
      <Filter>Файлы исходного кода</Filter>
    </ClCompile>
    <ClCompile Include="src\PhysSystem.cpp">
      <Filter>Файлы исходного кода</Filter>
    </ClCompile>
    <ClCompile Include="src\Scene.cpp">
      <Filter>Файлы исходного кода</Filter>
    </ClCompile>
    <ClCompile Include="src\Terrain.cpp">
      <Filter>Файлы исходного кода</Filter>
    </ClCompile>
    <ClCompile Include="src\WindowSystem.cpp">
      <Filter>Файлы исходного кода</Filter>
    </ClCompile>
    <ClCompile Include="src\EngineGlobals.cpp">
      <Filter>Файлы исходного кода</Filter>
    </ClCompile>
    <ClCompile Include="src\PhysXUtils.cpp">
      <Filter>Файлы исходного кода\PhysX</Filter>
    </ClCompile>
    <ClCompile Include="src\EnginePlugins.cpp">
      <Filter>Файлы исходного кода</Filter>
    </ClCompile>
    <ClCompile Include="src\EngineThreads.cpp">
      <Filter>Файлы исходного кода</Filter>
    </ClCompile>
    <ClCompile Include="src\WrappedScriptFunctions.cpp">
      <Filter>Файлы исходного кода\Script</Filter>
    </ClCompile>
    <ClCompile Include="src\WindowSystem_glfw.cpp">
      <Filter>Файлы исходного кода</Filter>
    </ClCompile>
    <ClCompile Include="src\WindowEvents.cpp">
      <Filter>Файлы исходного кода</Filter>
    </ClCompile>
    <ClCompile Include="src\PhysicsUpdateJob.cpp">
      <Filter>Файлы исходного кода</Filter>
    </ClCompile>
    <ClCompile Include="src\SceneUpdateJob.cpp">
      <Filter>Файлы исходного кода</Filter>
    </ClCompile>
    <ClCompile Include="src\API_InputConverter.cpp">
      <Filter>Файлы исходного кода\API</Filter>
    </ClCompile>
    <ClCompile Include="src\Camera.cpp">
      <Filter>Файлы исходного кода\Cameras</Filter>
    </ClCompile>
    <ClCompile Include="src\CameraFree.cpp">
      <Filter>Файлы исходного кода\Cameras</Filter>
    </ClCompile>
    <ClCompile Include="src\CameraFPS.cpp">
      <Filter>Файлы исходного кода\Cameras</Filter>
    </ClCompile>
    <ClCompile Include="src\CameraFixed.cpp">
      <Filter>Файлы исходного кода\Cameras</Filter>
    </ClCompile>
    <ClCompile Include="src\Console.cpp">
      <Filter>Файлы исходного кода\Console</Filter>
    </ClCompile>
    <ClCompile Include="src\ConsoleCommands.cpp">
      <Filter>Файлы исходного кода\Console</Filter>
    </ClCompile>
  </ItemGroup>
  <ItemGroup>
    <None Include="inc\EngineMathToPhysx.inl">
      <Filter>Заголовочные файлы\PhysX</Filter>
    </None>
  </ItemGroup>
</Project>