
Microsoft Visual Studio Solution File, Format Version 12.00
# Visual Studio 2013
VisualStudioVersion = 12.0.30501.0
MinimumVisualStudioVersion = 10.0.40219.1
Project("{8BC9CEB8-8B4A-11D0-8D11-00A0C91BC942}") = "Common", "Common\Common.vcxproj", "{413D151A-E7AC-419A-B9C1-E270E686F949}"
EndProject
Project("{8BC9CEB8-8B4A-11D0-8D11-00A0C91BC942}") = "Core", "Core\Core.vcxproj", "{A260EC1A-1997-4D03-8B91-1302498EB505}"
EndProject
Project("{8BC9CEB8-8B4A-11D0-8D11-00A0C91BC942}") = "OGLDrv", "OGLDrv\OGLDrv.vcxproj", "{2DA0FBD5-BE5E-4505-B7C1-DE1A05027184}"
EndProject
Project("{2150E333-8FDC-42A3-9474-1A3956D46DE8}") = "Externals", "Externals", "{06130638-6021-4B2E-9616-5500B665DC24}"
EndProject
Project("{8BC9CEB8-8B4A-11D0-8D11-00A0C91BC942}") = "freetype", "..\Externals\freetype\builds\win32\vc2010\freetype.vcxproj", "{78B079BD-9FC7-4B9E-B4A6-96DA0F00248B}"
EndProject
Project("{8BC9CEB8-8B4A-11D0-8D11-00A0C91BC942}") = "MyGUI", "..\Externals\MyGUI\MyGui.vcxproj", "{E9497471-6143-4E9A-8DB2-436EDAD37B65}"
EndProject
Project("{8BC9CEB8-8B4A-11D0-8D11-00A0C91BC942}") = "Launcher", "Launcher\Launcher.vcxproj", "{CB20ECFF-02B2-46F3-A7F0-12086C75CFD5}"
EndProject
Project("{2150E333-8FDC-42A3-9474-1A3956D46DE8}") = "Engine", "Engine", "{D273C37D-565D-4E02-9FA2-5B1E3A2C6CB5}"
EndProject
Project("{2150E333-8FDC-42A3-9474-1A3956D46DE8}") = "Game", "Game", "{2C6009EC-F2E3-4439-A33E-78F9EF365898}"
EndProject
Project("{8BC9CEB8-8B4A-11D0-8D11-00A0C91BC942}") = "ExampleGame", "ExampleGame\ExampleGame.vcxproj", "{E5E11765-B5B8-4013-9098-DD7ED97E7905}"
EndProject
Project("{8BC9CEB8-8B4A-11D0-8D11-00A0C91BC942}") = "libogg_static", "..\Externals\libogg\win32\VS2010\libogg_static.vcxproj", "{15CBFEFF-7965-41F5-B4E2-21E8795C9159}"
EndProject
Project("{8BC9CEB8-8B4A-11D0-8D11-00A0C91BC942}") = "libvorbis_static", "..\Externals\libvorbis\win32\VS2010\libvorbis\libvorbis_static.vcxproj", "{3A214E06-B95E-4D61-A291-1F8DF2EC10FD}"
EndProject
Project("{8BC9CEB8-8B4A-11D0-8D11-00A0C91BC942}") = "libvorbisfile", "..\Externals\libvorbis\win32\VS2010\libvorbisfile\libvorbisfile_static.vcxproj", "{CEBDE98B-A6AA-46E6-BC79-FAAF823DB9EC}"
EndProject
Project("{8BC9CEB8-8B4A-11D0-8D11-00A0C91BC942}") = "Engine", "Engine\Engine.vcxproj", "{422176D6-9F6C-4344-90A5-3520C7213826}"
EndProject
Project("{8BC9CEB8-8B4A-11D0-8D11-00A0C91BC942}") = "NGExport", "..\ContentTools\Vega3DSMAX\Vega3DSMAX.vcxproj", "{85CCC90A-DC7F-460C-8D8F-FEED096E4500}"
EndProject
Project("{2150E333-8FDC-42A3-9474-1A3956D46DE8}") = "ContentTools", "ContentTools", "{BBA1921B-73D1-4EFE-B5DA-BB659B9EFE9B}"
EndProject
Project("{2150E333-8FDC-42A3-9474-1A3956D46DE8}") = "Editor", "Editor", "{6FBBF389-7729-4F8A-806B-AE77D0D33F86}"
EndProject
Project("{2150E333-8FDC-42A3-9474-1A3956D46DE8}") = "depend", "depend", "{A11D3172-C37C-402B-93AC-8AB42D3A063D}"
EndProject
Project("{FAE04EC0-301F-11D3-BF4B-00C04F79EFBC}") = "MeshViewer", "Editors\MeshViewer\MeshViewer.csproj", "{D6ADC845-2C1C-4C78-A094-0942F9159E60}"
	ProjectSection(ProjectDependencies) = postProject
		{C7A306E0-32AE-4053-8882-E1A1E702C139} = {C7A306E0-32AE-4053-8882-E1A1E702C139}
	EndProjectSection
EndProject
Project("{8BC9CEB8-8B4A-11D0-8D11-00A0C91BC942}") = "EngineCLR", "Editors\EngineCLR\EngineCLR.vcxproj", "{64055D89-6A90-4A88-9FDD-C455CEA66F88}"
EndProject
Project("{FAE04EC0-301F-11D3-BF4B-00C04F79EFBC}") = "Atf.Core.vs2010", "..\Externals\ATF\Framework\Atf.Core\Atf.Core.vs2010.csproj", "{9D1835B6-D1C2-44BA-BAE1-05C6EC442D2F}"
EndProject
Project("{FAE04EC0-301F-11D3-BF4B-00C04F79EFBC}") = "Atf.Gui.vs2010", "..\Externals\ATF\Framework\Atf.Gui\Atf.Gui.vs2010.csproj", "{4765C2A7-F989-40DB-BC12-FCD67025B93F}"
EndProject
Project("{FAE04EC0-301F-11D3-BF4B-00C04F79EFBC}") = "Atf.Gui.WinForms.vs2010", "..\Externals\ATF\Framework\Atf.Gui.WinForms\Atf.Gui.WinForms.vs2010.csproj", "{7C36A258-9102-420D-B80A-5EB5717644B6}"
EndProject
Project("{FAE04EC0-301F-11D3-BF4B-00C04F79EFBC}") = "Atf.SyntaxEditorControl.vs2010", "..\Externals\ATF\Framework\Atf.SyntaxEditorControl\Atf.SyntaxEditorControl.vs2010.csproj", "{D1A78912-9AD2-4555-8560-B251A4D751DC}"
EndProject
Project("{FAE04EC0-301F-11D3-BF4B-00C04F79EFBC}") = "Atf.Perforce.vs2010", "..\Externals\ATF\Framework\Atf.Perforce\Atf.Perforce.vs2010.csproj", "{C7A306E0-32AE-4053-8882-E1A1E702C139}"
EndProject
Project("{8BC9CEB8-8B4A-11D0-8D11-00A0C91BC942}") = "Platform", "Platform\Platform.vcxproj", "{24B9D3ED-61BD-4EA7-B15E-F23DFD8BD247}"
EndProject
Global
	GlobalSection(SolutionConfigurationPlatforms) = preSolution
		Debug|Win32 = Debug|Win32
		Debug|x64 = Debug|x64
		Release|Win32 = Release|Win32
		Release|x64 = Release|x64
	EndGlobalSection
	GlobalSection(ProjectConfigurationPlatforms) = postSolution
		{413D151A-E7AC-419A-B9C1-E270E686F949}.Debug|Win32.ActiveCfg = Debug|Win32
		{413D151A-E7AC-419A-B9C1-E270E686F949}.Debug|Win32.Build.0 = Debug|Win32
		{413D151A-E7AC-419A-B9C1-E270E686F949}.Debug|x64.ActiveCfg = Debug|x64
		{413D151A-E7AC-419A-B9C1-E270E686F949}.Debug|x64.Build.0 = Debug|x64
		{413D151A-E7AC-419A-B9C1-E270E686F949}.Release|Win32.ActiveCfg = Release|Win32
		{413D151A-E7AC-419A-B9C1-E270E686F949}.Release|Win32.Build.0 = Release|Win32
		{413D151A-E7AC-419A-B9C1-E270E686F949}.Release|x64.ActiveCfg = Release|x64
		{413D151A-E7AC-419A-B9C1-E270E686F949}.Release|x64.Build.0 = Release|x64
		{A260EC1A-1997-4D03-8B91-1302498EB505}.Debug|Win32.ActiveCfg = Debug|Win32
		{A260EC1A-1997-4D03-8B91-1302498EB505}.Debug|Win32.Build.0 = Debug|Win32
		{A260EC1A-1997-4D03-8B91-1302498EB505}.Debug|x64.ActiveCfg = Debug|x64
		{A260EC1A-1997-4D03-8B91-1302498EB505}.Debug|x64.Build.0 = Debug|x64
		{A260EC1A-1997-4D03-8B91-1302498EB505}.Release|Win32.ActiveCfg = Release|Win32
		{A260EC1A-1997-4D03-8B91-1302498EB505}.Release|Win32.Build.0 = Release|Win32
		{A260EC1A-1997-4D03-8B91-1302498EB505}.Release|x64.ActiveCfg = Release|x64
		{A260EC1A-1997-4D03-8B91-1302498EB505}.Release|x64.Build.0 = Release|x64
		{2DA0FBD5-BE5E-4505-B7C1-DE1A05027184}.Debug|Win32.ActiveCfg = Debug|Win32
		{2DA0FBD5-BE5E-4505-B7C1-DE1A05027184}.Debug|Win32.Build.0 = Debug|Win32
		{2DA0FBD5-BE5E-4505-B7C1-DE1A05027184}.Debug|x64.ActiveCfg = Debug|x64
		{2DA0FBD5-BE5E-4505-B7C1-DE1A05027184}.Debug|x64.Build.0 = Debug|x64
		{2DA0FBD5-BE5E-4505-B7C1-DE1A05027184}.Release|Win32.ActiveCfg = Release|Win32
		{2DA0FBD5-BE5E-4505-B7C1-DE1A05027184}.Release|Win32.Build.0 = Release|Win32
		{2DA0FBD5-BE5E-4505-B7C1-DE1A05027184}.Release|x64.ActiveCfg = Release|x64
		{2DA0FBD5-BE5E-4505-B7C1-DE1A05027184}.Release|x64.Build.0 = Release|x64
		{78B079BD-9FC7-4B9E-B4A6-96DA0F00248B}.Debug|Win32.ActiveCfg = Debug|Win32
		{78B079BD-9FC7-4B9E-B4A6-96DA0F00248B}.Debug|Win32.Build.0 = Debug|Win32
		{78B079BD-9FC7-4B9E-B4A6-96DA0F00248B}.Debug|x64.ActiveCfg = Debug|x64
		{78B079BD-9FC7-4B9E-B4A6-96DA0F00248B}.Debug|x64.Build.0 = Debug|x64
		{78B079BD-9FC7-4B9E-B4A6-96DA0F00248B}.Release|Win32.ActiveCfg = Release|Win32
		{78B079BD-9FC7-4B9E-B4A6-96DA0F00248B}.Release|Win32.Build.0 = Release|Win32
		{78B079BD-9FC7-4B9E-B4A6-96DA0F00248B}.Release|x64.ActiveCfg = Release|x64
		{78B079BD-9FC7-4B9E-B4A6-96DA0F00248B}.Release|x64.Build.0 = Release|x64
		{E9497471-6143-4E9A-8DB2-436EDAD37B65}.Debug|Win32.ActiveCfg = Debug|Win32
		{E9497471-6143-4E9A-8DB2-436EDAD37B65}.Debug|Win32.Build.0 = Debug|Win32
		{E9497471-6143-4E9A-8DB2-436EDAD37B65}.Debug|x64.ActiveCfg = Debug|x64
		{E9497471-6143-4E9A-8DB2-436EDAD37B65}.Debug|x64.Build.0 = Debug|x64
		{E9497471-6143-4E9A-8DB2-436EDAD37B65}.Release|Win32.ActiveCfg = Release|Win32
		{E9497471-6143-4E9A-8DB2-436EDAD37B65}.Release|Win32.Build.0 = Release|Win32
		{E9497471-6143-4E9A-8DB2-436EDAD37B65}.Release|x64.ActiveCfg = Release|x64
		{E9497471-6143-4E9A-8DB2-436EDAD37B65}.Release|x64.Build.0 = Release|x64
		{CB20ECFF-02B2-46F3-A7F0-12086C75CFD5}.Debug|Win32.ActiveCfg = Debug|Win32
		{CB20ECFF-02B2-46F3-A7F0-12086C75CFD5}.Debug|Win32.Build.0 = Debug|Win32
		{CB20ECFF-02B2-46F3-A7F0-12086C75CFD5}.Debug|x64.ActiveCfg = Debug|x64
		{CB20ECFF-02B2-46F3-A7F0-12086C75CFD5}.Debug|x64.Build.0 = Debug|x64
		{CB20ECFF-02B2-46F3-A7F0-12086C75CFD5}.Release|Win32.ActiveCfg = Release|Win32
		{CB20ECFF-02B2-46F3-A7F0-12086C75CFD5}.Release|Win32.Build.0 = Release|Win32
		{CB20ECFF-02B2-46F3-A7F0-12086C75CFD5}.Release|x64.ActiveCfg = Release|x64
		{CB20ECFF-02B2-46F3-A7F0-12086C75CFD5}.Release|x64.Build.0 = Release|x64
		{E5E11765-B5B8-4013-9098-DD7ED97E7905}.Debug|Win32.ActiveCfg = Debug|Win32
		{E5E11765-B5B8-4013-9098-DD7ED97E7905}.Debug|Win32.Build.0 = Debug|Win32
		{E5E11765-B5B8-4013-9098-DD7ED97E7905}.Debug|x64.ActiveCfg = Debug|x64
		{E5E11765-B5B8-4013-9098-DD7ED97E7905}.Debug|x64.Build.0 = Debug|x64
		{E5E11765-B5B8-4013-9098-DD7ED97E7905}.Release|Win32.ActiveCfg = Release|Win32
		{E5E11765-B5B8-4013-9098-DD7ED97E7905}.Release|Win32.Build.0 = Release|Win32
		{E5E11765-B5B8-4013-9098-DD7ED97E7905}.Release|x64.ActiveCfg = Release|x64
		{E5E11765-B5B8-4013-9098-DD7ED97E7905}.Release|x64.Build.0 = Release|x64
		{15CBFEFF-7965-41F5-B4E2-21E8795C9159}.Debug|Win32.ActiveCfg = Debug|Win32
		{15CBFEFF-7965-41F5-B4E2-21E8795C9159}.Debug|Win32.Build.0 = Debug|Win32
		{15CBFEFF-7965-41F5-B4E2-21E8795C9159}.Debug|x64.ActiveCfg = Debug|x64
		{15CBFEFF-7965-41F5-B4E2-21E8795C9159}.Debug|x64.Build.0 = Debug|x64
		{15CBFEFF-7965-41F5-B4E2-21E8795C9159}.Release|Win32.ActiveCfg = Release|Win32
		{15CBFEFF-7965-41F5-B4E2-21E8795C9159}.Release|Win32.Build.0 = Release|Win32
		{15CBFEFF-7965-41F5-B4E2-21E8795C9159}.Release|x64.ActiveCfg = Release|x64
		{15CBFEFF-7965-41F5-B4E2-21E8795C9159}.Release|x64.Build.0 = Release|x64
		{3A214E06-B95E-4D61-A291-1F8DF2EC10FD}.Debug|Win32.ActiveCfg = Debug|Win32
		{3A214E06-B95E-4D61-A291-1F8DF2EC10FD}.Debug|Win32.Build.0 = Debug|Win32
		{3A214E06-B95E-4D61-A291-1F8DF2EC10FD}.Debug|x64.ActiveCfg = Debug|x64
		{3A214E06-B95E-4D61-A291-1F8DF2EC10FD}.Debug|x64.Build.0 = Debug|x64
		{3A214E06-B95E-4D61-A291-1F8DF2EC10FD}.Release|Win32.ActiveCfg = Release|Win32
		{3A214E06-B95E-4D61-A291-1F8DF2EC10FD}.Release|Win32.Build.0 = Release|Win32
		{3A214E06-B95E-4D61-A291-1F8DF2EC10FD}.Release|x64.ActiveCfg = Release|x64
		{3A214E06-B95E-4D61-A291-1F8DF2EC10FD}.Release|x64.Build.0 = Release|x64
		{CEBDE98B-A6AA-46E6-BC79-FAAF823DB9EC}.Debug|Win32.ActiveCfg = Debug|Win32
		{CEBDE98B-A6AA-46E6-BC79-FAAF823DB9EC}.Debug|Win32.Build.0 = Debug|Win32
		{CEBDE98B-A6AA-46E6-BC79-FAAF823DB9EC}.Debug|x64.ActiveCfg = Debug|x64
		{CEBDE98B-A6AA-46E6-BC79-FAAF823DB9EC}.Debug|x64.Build.0 = Debug|x64
		{CEBDE98B-A6AA-46E6-BC79-FAAF823DB9EC}.Release|Win32.ActiveCfg = Release|Win32
		{CEBDE98B-A6AA-46E6-BC79-FAAF823DB9EC}.Release|Win32.Build.0 = Release|Win32
		{CEBDE98B-A6AA-46E6-BC79-FAAF823DB9EC}.Release|x64.ActiveCfg = Release|x64
		{CEBDE98B-A6AA-46E6-BC79-FAAF823DB9EC}.Release|x64.Build.0 = Release|x64
		{422176D6-9F6C-4344-90A5-3520C7213826}.Debug|Win32.ActiveCfg = Debug|Win32
		{422176D6-9F6C-4344-90A5-3520C7213826}.Debug|Win32.Build.0 = Debug|Win32
		{422176D6-9F6C-4344-90A5-3520C7213826}.Debug|x64.ActiveCfg = Debug|x64
		{422176D6-9F6C-4344-90A5-3520C7213826}.Debug|x64.Build.0 = Debug|x64
		{422176D6-9F6C-4344-90A5-3520C7213826}.Release|Win32.ActiveCfg = Release|Win32
		{422176D6-9F6C-4344-90A5-3520C7213826}.Release|Win32.Build.0 = Release|Win32
		{422176D6-9F6C-4344-90A5-3520C7213826}.Release|x64.ActiveCfg = Release|x64
		{422176D6-9F6C-4344-90A5-3520C7213826}.Release|x64.Build.0 = Release|x64
		{85CCC90A-DC7F-460C-8D8F-FEED096E4500}.Debug|Win32.ActiveCfg = Debug|Win32
		{85CCC90A-DC7F-460C-8D8F-FEED096E4500}.Debug|Win32.Build.0 = Debug|Win32
		{85CCC90A-DC7F-460C-8D8F-FEED096E4500}.Debug|x64.ActiveCfg = Debug|x64
		{85CCC90A-DC7F-460C-8D8F-FEED096E4500}.Debug|x64.Build.0 = Debug|x64
		{85CCC90A-DC7F-460C-8D8F-FEED096E4500}.Release|Win32.ActiveCfg = Release|Win32
		{85CCC90A-DC7F-460C-8D8F-FEED096E4500}.Release|Win32.Build.0 = Release|Win32
		{85CCC90A-DC7F-460C-8D8F-FEED096E4500}.Release|x64.ActiveCfg = Release|x64
		{85CCC90A-DC7F-460C-8D8F-FEED096E4500}.Release|x64.Build.0 = Release|x64
		{D6ADC845-2C1C-4C78-A094-0942F9159E60}.Debug|Win32.ActiveCfg = Debug|x86
		{D6ADC845-2C1C-4C78-A094-0942F9159E60}.Debug|Win32.Build.0 = Debug|x86
		{D6ADC845-2C1C-4C78-A094-0942F9159E60}.Debug|x64.ActiveCfg = Debug|x64
		{D6ADC845-2C1C-4C78-A094-0942F9159E60}.Debug|x64.Build.0 = Debug|x64
		{D6ADC845-2C1C-4C78-A094-0942F9159E60}.Release|Win32.ActiveCfg = Release|x86
		{D6ADC845-2C1C-4C78-A094-0942F9159E60}.Release|Win32.Build.0 = Release|x86
		{D6ADC845-2C1C-4C78-A094-0942F9159E60}.Release|x64.ActiveCfg = Release|x64
		{D6ADC845-2C1C-4C78-A094-0942F9159E60}.Release|x64.Build.0 = Release|x64
		{64055D89-6A90-4A88-9FDD-C455CEA66F88}.Debug|Win32.ActiveCfg = Debug|Win32
		{64055D89-6A90-4A88-9FDD-C455CEA66F88}.Debug|Win32.Build.0 = Debug|Win32
		{64055D89-6A90-4A88-9FDD-C455CEA66F88}.Debug|x64.ActiveCfg = Debug|x64
		{64055D89-6A90-4A88-9FDD-C455CEA66F88}.Debug|x64.Build.0 = Debug|x64
		{64055D89-6A90-4A88-9FDD-C455CEA66F88}.Release|Win32.ActiveCfg = Release|Win32
		{64055D89-6A90-4A88-9FDD-C455CEA66F88}.Release|Win32.Build.0 = Release|Win32
		{64055D89-6A90-4A88-9FDD-C455CEA66F88}.Release|x64.ActiveCfg = Release|x64
		{64055D89-6A90-4A88-9FDD-C455CEA66F88}.Release|x64.Build.0 = Release|x64
		{9D1835B6-D1C2-44BA-BAE1-05C6EC442D2F}.Debug|Win32.ActiveCfg = Debug|x86
		{9D1835B6-D1C2-44BA-BAE1-05C6EC442D2F}.Debug|Win32.Build.0 = Debug|x86
		{9D1835B6-D1C2-44BA-BAE1-05C6EC442D2F}.Debug|x64.ActiveCfg = Debug|x64
		{9D1835B6-D1C2-44BA-BAE1-05C6EC442D2F}.Debug|x64.Build.0 = Debug|x64
		{9D1835B6-D1C2-44BA-BAE1-05C6EC442D2F}.Release|Win32.ActiveCfg = Release|x86
		{9D1835B6-D1C2-44BA-BAE1-05C6EC442D2F}.Release|Win32.Build.0 = Release|x86
		{9D1835B6-D1C2-44BA-BAE1-05C6EC442D2F}.Release|x64.ActiveCfg = Release|x64
		{9D1835B6-D1C2-44BA-BAE1-05C6EC442D2F}.Release|x64.Build.0 = Release|x64
		{4765C2A7-F989-40DB-BC12-FCD67025B93F}.Debug|Win32.ActiveCfg = Debug|x86
		{4765C2A7-F989-40DB-BC12-FCD67025B93F}.Debug|Win32.Build.0 = Debug|x86
		{4765C2A7-F989-40DB-BC12-FCD67025B93F}.Debug|x64.ActiveCfg = Debug|x64
		{4765C2A7-F989-40DB-BC12-FCD67025B93F}.Debug|x64.Build.0 = Debug|x64
		{4765C2A7-F989-40DB-BC12-FCD67025B93F}.Release|Win32.ActiveCfg = Release|x86
		{4765C2A7-F989-40DB-BC12-FCD67025B93F}.Release|Win32.Build.0 = Release|x86
		{4765C2A7-F989-40DB-BC12-FCD67025B93F}.Release|x64.ActiveCfg = Release|x64
		{4765C2A7-F989-40DB-BC12-FCD67025B93F}.Release|x64.Build.0 = Release|x64
		{7C36A258-9102-420D-B80A-5EB5717644B6}.Debug|Win32.ActiveCfg = Debug|x86
		{7C36A258-9102-420D-B80A-5EB5717644B6}.Debug|Win32.Build.0 = Debug|x86
		{7C36A258-9102-420D-B80A-5EB5717644B6}.Debug|x64.ActiveCfg = Debug|x64
		{7C36A258-9102-420D-B80A-5EB5717644B6}.Debug|x64.Build.0 = Debug|x64
		{7C36A258-9102-420D-B80A-5EB5717644B6}.Release|Win32.ActiveCfg = Release|x86
		{7C36A258-9102-420D-B80A-5EB5717644B6}.Release|Win32.Build.0 = Release|x86
		{7C36A258-9102-420D-B80A-5EB5717644B6}.Release|x64.ActiveCfg = Release|x64
		{7C36A258-9102-420D-B80A-5EB5717644B6}.Release|x64.Build.0 = Release|x64
		{D1A78912-9AD2-4555-8560-B251A4D751DC}.Debug|Win32.ActiveCfg = Debug|x86
		{D1A78912-9AD2-4555-8560-B251A4D751DC}.Debug|Win32.Build.0 = Debug|x86
		{D1A78912-9AD2-4555-8560-B251A4D751DC}.Debug|x64.ActiveCfg = Debug|x64
		{D1A78912-9AD2-4555-8560-B251A4D751DC}.Debug|x64.Build.0 = Debug|x64
		{D1A78912-9AD2-4555-8560-B251A4D751DC}.Release|Win32.ActiveCfg = Release|x86
		{D1A78912-9AD2-4555-8560-B251A4D751DC}.Release|Win32.Build.0 = Release|x86
		{D1A78912-9AD2-4555-8560-B251A4D751DC}.Release|x64.ActiveCfg = Release|x64
		{D1A78912-9AD2-4555-8560-B251A4D751DC}.Release|x64.Build.0 = Release|x64
		{C7A306E0-32AE-4053-8882-E1A1E702C139}.Debug|Win32.ActiveCfg = Debug|x86
		{C7A306E0-32AE-4053-8882-E1A1E702C139}.Debug|Win32.Build.0 = Debug|x86
		{C7A306E0-32AE-4053-8882-E1A1E702C139}.Debug|x64.ActiveCfg = Debug|x64
		{C7A306E0-32AE-4053-8882-E1A1E702C139}.Debug|x64.Build.0 = Debug|x64
		{C7A306E0-32AE-4053-8882-E1A1E702C139}.Release|Win32.ActiveCfg = Release|x86
		{C7A306E0-32AE-4053-8882-E1A1E702C139}.Release|Win32.Build.0 = Release|x86
		{C7A306E0-32AE-4053-8882-E1A1E702C139}.Release|x64.ActiveCfg = Release|x64
		{C7A306E0-32AE-4053-8882-E1A1E702C139}.Release|x64.Build.0 = Release|x64
		{24B9D3ED-61BD-4EA7-B15E-F23DFD8BD247}.Debug|Win32.ActiveCfg = Debug|Win32
		{24B9D3ED-61BD-4EA7-B15E-F23DFD8BD247}.Debug|Win32.Build.0 = Debug|Win32
		{24B9D3ED-61BD-4EA7-B15E-F23DFD8BD247}.Debug|x64.ActiveCfg = Debug|x64
		{24B9D3ED-61BD-4EA7-B15E-F23DFD8BD247}.Debug|x64.Build.0 = Debug|x64
		{24B9D3ED-61BD-4EA7-B15E-F23DFD8BD247}.Release|Win32.ActiveCfg = Release|Win32
		{24B9D3ED-61BD-4EA7-B15E-F23DFD8BD247}.Release|Win32.Build.0 = Release|Win32
		{24B9D3ED-61BD-4EA7-B15E-F23DFD8BD247}.Release|x64.ActiveCfg = Release|x64
		{24B9D3ED-61BD-4EA7-B15E-F23DFD8BD247}.Release|x64.Build.0 = Release|x64
	EndGlobalSection
	GlobalSection(SolutionProperties) = preSolution
		HideSolutionNode = FALSE
	EndGlobalSection
	GlobalSection(NestedProjects) = preSolution
		{413D151A-E7AC-419A-B9C1-E270E686F949} = {D273C37D-565D-4E02-9FA2-5B1E3A2C6CB5}
		{A260EC1A-1997-4D03-8B91-1302498EB505} = {D273C37D-565D-4E02-9FA2-5B1E3A2C6CB5}
		{2DA0FBD5-BE5E-4505-B7C1-DE1A05027184} = {D273C37D-565D-4E02-9FA2-5B1E3A2C6CB5}
		{78B079BD-9FC7-4B9E-B4A6-96DA0F00248B} = {06130638-6021-4B2E-9616-5500B665DC24}
		{E9497471-6143-4E9A-8DB2-436EDAD37B65} = {06130638-6021-4B2E-9616-5500B665DC24}
		{E5E11765-B5B8-4013-9098-DD7ED97E7905} = {2C6009EC-F2E3-4439-A33E-78F9EF365898}
		{15CBFEFF-7965-41F5-B4E2-21E8795C9159} = {06130638-6021-4B2E-9616-5500B665DC24}
		{3A214E06-B95E-4D61-A291-1F8DF2EC10FD} = {06130638-6021-4B2E-9616-5500B665DC24}
		{CEBDE98B-A6AA-46E6-BC79-FAAF823DB9EC} = {06130638-6021-4B2E-9616-5500B665DC24}
		{422176D6-9F6C-4344-90A5-3520C7213826} = {D273C37D-565D-4E02-9FA2-5B1E3A2C6CB5}
		{85CCC90A-DC7F-460C-8D8F-FEED096E4500} = {BBA1921B-73D1-4EFE-B5DA-BB659B9EFE9B}
		{A11D3172-C37C-402B-93AC-8AB42D3A063D} = {6FBBF389-7729-4F8A-806B-AE77D0D33F86}
		{D6ADC845-2C1C-4C78-A094-0942F9159E60} = {6FBBF389-7729-4F8A-806B-AE77D0D33F86}
		{64055D89-6A90-4A88-9FDD-C455CEA66F88} = {6FBBF389-7729-4F8A-806B-AE77D0D33F86}
		{9D1835B6-D1C2-44BA-BAE1-05C6EC442D2F} = {A11D3172-C37C-402B-93AC-8AB42D3A063D}
		{4765C2A7-F989-40DB-BC12-FCD67025B93F} = {A11D3172-C37C-402B-93AC-8AB42D3A063D}
		{7C36A258-9102-420D-B80A-5EB5717644B6} = {A11D3172-C37C-402B-93AC-8AB42D3A063D}
		{D1A78912-9AD2-4555-8560-B251A4D751DC} = {A11D3172-C37C-402B-93AC-8AB42D3A063D}
		{C7A306E0-32AE-4053-8882-E1A1E702C139} = {A11D3172-C37C-402B-93AC-8AB42D3A063D}
	EndGlobalSection
	GlobalSection(ExtensibilityGlobals) = postSolution
		AMDCaProjectFile = C:\Newton_200\3dlib\tools\newton\CodeAnalyst\newton_2008.caw
	EndGlobalSection
EndGlobal
