<?xml version="1.0" encoding="utf-8"?>
<Project ToolsVersion="4.0" xmlns="http://schemas.microsoft.com/developer/msbuild/2003">
  <ItemGroup>
    <Filter Include="Файлы исходного кода">
      <UniqueIdentifier>{4FC737F1-C7A5-4376-A066-2A32D752A2FF}</UniqueIdentifier>
      <Extensions>cpp;c;cc;cxx;def;odl;idl;hpj;bat;asm;asmx</Extensions>
    </Filter>
    <Filter Include="Заголовочные файлы">
      <UniqueIdentifier>{93995380-89BD-4b04-88EB-625FBE52EBFB}</UniqueIdentifier>
      <Extensions>h;hh;hpp;hxx;hm;inl;inc;xsd</Extensions>
    </Filter>
    <Filter Include="Файлы ресурсов">
      <UniqueIdentifier>{67DA6AB6-F800-4c08-8B7A-83BB121AAD01}</UniqueIdentifier>
      <Extensions>rc;ico;cur;bmp;dlg;rc2;rct;bin;rgs;gif;jpg;jpeg;jpe;resx;tiff;tif;png;wav;mfcribbon-ms</Extensions>
    </Filter>
    <Filter Include="Файлы ресурсов\Shaders">
      <UniqueIdentifier>{531bcb41-1e29-44f4-a511-5b2442557cc1}</UniqueIdentifier>
    </Filter>
  </ItemGroup>
  <ItemGroup>
    <ClInclude Include="stdafx.h">
      <Filter>Заголовочные файлы</Filter>
    </ClInclude>
    <ClInclude Include="targetver.h">
      <Filter>Заголовочные файлы</Filter>
    </ClInclude>
    <ClInclude Include="ExampleGame.h">
      <Filter>Заголовочные файлы</Filter>
    </ClInclude>
    <ClInclude Include="DLLx.h">
      <Filter>Заголовочные файлы</Filter>
    </ClInclude>
    <ClInclude Include="GameGUI.h">
      <Filter>Заголовочные файлы</Filter>
    </ClInclude>
  </ItemGroup>
  <ItemGroup>
    <ClCompile Include="stdafx.cpp">
      <Filter>Файлы исходного кода</Filter>
    </ClCompile>
    <ClCompile Include="Main.cpp">
      <Filter>Файлы исходного кода</Filter>
    </ClCompile>
    <ClCompile Include="MandelbrotDemo.cpp">
      <Filter>Файлы исходного кода</Filter>
    </ClCompile>
    <ClCompile Include="SponzaDemo.cpp">
      <Filter>Файлы исходного кода</Filter>
    </ClCompile>
    <ClCompile Include="TerrainDemo.cpp">
      <Filter>Файлы исходного кода</Filter>
    </ClCompile>
    <ClCompile Include="GameGui.cpp">
      <Filter>Файлы исходного кода</Filter>
    </ClCompile>
  </ItemGroup>
  <ItemGroup>
    <None Include="..\..\..\Bins\data\shaders\blur.glsl">
      <Filter>Файлы ресурсов\Shaders</Filter>
    </None>
    <None Include="..\..\..\Bins\data\shaders\bright_pass.glsl">
      <Filter>Файлы ресурсов\Shaders</Filter>
    </None>
    <None Include="..\..\..\Bins\data\shaders\cell_shading.glsl">
      <Filter>Файлы ресурсов\Shaders</Filter>
    </None>
    <None Include="..\..\..\Bins\data\shaders\depth.glsl">
      <Filter>Файлы ресурсов\Shaders</Filter>
    </None>
    <None Include="..\..\..\Bins\data\shaders\gui.glsl">
      <Filter>Файлы ресурсов\Shaders</Filter>
    </None>
    <None Include="..\..\..\Bins\data\shaders\mandelbrot.glsl">
      <Filter>Файлы ресурсов\Shaders</Filter>
    </None>
    <None Include="..\..\..\Bins\data\shaders\mesh_ambient.glsl">
      <Filter>Файлы ресурсов\Shaders</Filter>
    </None>
    <None Include="..\..\..\Bins\data\shaders\mesh_ambient_env.glsl">
      <Filter>Файлы ресурсов\Shaders</Filter>
    </None>
    <None Include="..\..\..\Bins\data\shaders\mesh_ambient_refr.glsl">
      <Filter>Файлы ресурсов\Shaders</Filter>
    </None>
    <None Include="..\..\..\Bins\data\shaders\mesh_direct.glsl">
      <Filter>Файлы ресурсов\Shaders</Filter>
    </None>
    <None Include="..\..\..\Bins\data\shaders\mesh_point.glsl">
      <Filter>Файлы ресурсов\Shaders</Filter>
    </None>
    <None Include="..\..\..\Bins\data\shaders\mesh_spot.glsl">
      <Filter>Файлы ресурсов\Shaders</Filter>
    </None>
    <None Include="..\..\..\Bins\data\shaders\terrain_ambient.glsl">
      <Filter>Файлы ресурсов\Shaders</Filter>
    </None>
    <None Include="..\..\..\Bins\data\shaders\terrain_direct.glsl">
      <Filter>Файлы ресурсов\Shaders</Filter>
    </None>
    <None Include="..\..\..\Bins\data\shaders\terrain_omni.glsl">
      <Filter>Файлы ресурсов\Shaders</Filter>
    </None>
    <None Include="..\..\..\Bins\data\shaders\terrain_spot.glsl">
      <Filter>Файлы ресурсов\Shaders</Filter>
    </None>
    <None Include="..\..\..\Bins\data\shaders\water_ambient.glsl">
      <Filter>Файлы ресурсов\Shaders</Filter>
    </None>
  </ItemGroup>
</Project>