
Microsoft Visual Studio Solution File, Format Version 12.00
# Visual Studio 2013
VisualStudioVersion = 12.0.20617.1 PREVIEW
MinimumVisualStudioVersion = 10.0.40219.1
Project("{8BC9CEB8-8B4A-11D0-8D11-00A0C91BC942}") = "VegaEngine", "VegaEngine.vcxproj", "{422176D6-9F6C-4344-90A5-3520C7213826}"
EndProject
Project("{8BC9CEB8-8B4A-11D0-8D11-00A0C91BC942}") = "Common", "..\Src\Common\Common.vcxproj", "{413D151A-E7AC-419A-B9C1-E270E686F949}"
EndProject
Project("{8BC9CEB8-8B4A-11D0-8D11-00A0C91BC942}") = "Core", "..\Src\Core\Core.vcxproj", "{A260EC1A-1997-4D03-8B91-1302498EB505}"
EndProject
Project("{8BC9CEB8-8B4A-11D0-8D11-00A0C91BC942}") = "OGLDrv", "..\Src\OGLDrv\OGLDrv.vcxproj", "{2DA0FBD5-BE5E-4505-B7C1-DE1A05027184}"
EndProject
Project("{2150E333-8FDC-42A3-9474-1A3956D46DE8}") = "Externals", "Externals", "{06130638-6021-4B2E-9616-5500B665DC24}"
EndProject
Project("{8BC9CEB8-8B4A-11D0-8D11-00A0C91BC942}") = "BugTrap", "..\Externals\BugTrap\source\BugTrap.vcxproj", "{E8CF1ADA-264A-4127-86C2-FD7057D3792C}"
EndProject
Project("{8BC9CEB8-8B4A-11D0-8D11-00A0C91BC942}") = "freetype", "..\Externals\freetype\builds\win32\vc2010\freetype.vcxproj", "{78B079BD-9FC7-4B9E-B4A6-96DA0F00248B}"
EndProject
Project("{8BC9CEB8-8B4A-11D0-8D11-00A0C91BC942}") = "MyGui", "..\Externals\MyGUI\MyGui.vcxproj", "{E9497471-6143-4E9A-8DB2-436EDAD37B65}"
EndProject
Project("{8BC9CEB8-8B4A-11D0-8D11-00A0C91BC942}") = "zlib", "..\Externals\BugTrap\lib\zlib\zlib.vcxproj", "{B5919129-6716-499D-9516-04EC34C86CDF}"
EndProject
Project("{2150E333-8FDC-42A3-9474-1A3956D46DE8}") = "Bugtrap", "Bugtrap", "{CDAA83D8-5CE1-4006-821C-79C29EA233E2}"
EndProject
Project("{8BC9CEB8-8B4A-11D0-8D11-00A0C91BC942}") = "Launcher", "..\Src\Launcher\Launcher.vcxproj", "{CB20ECFF-02B2-46F3-A7F0-12086C75CFD5}"
EndProject
Project("{2150E333-8FDC-42A3-9474-1A3956D46DE8}") = "Engine", "Engine", "{D273C37D-565D-4E02-9FA2-5B1E3A2C6CB5}"
EndProject
Project("{2150E333-8FDC-42A3-9474-1A3956D46DE8}") = "Game", "Game", "{2C6009EC-F2E3-4439-A33E-78F9EF365898}"
EndProject
Project("{8BC9CEB8-8B4A-11D0-8D11-00A0C91BC942}") = "ExampleGame", "..\Src\ExampleGame\ExampleGame.vcxproj", "{E5E11765-B5B8-4013-9098-DD7ED97E7905}"
EndProject
Project("{2150E333-8FDC-42A3-9474-1A3956D46DE8}") = "Newton Dynamics", "Newton Dynamics", "{9B39E445-904F-438A-A014-B6AD0BAE75D5}"
EndProject
Project("{8BC9CEB8-8B4A-11D0-8D11-00A0C91BC942}") = "newton", "..\Externals\newton\coreLibrary_200\projets\windows\project_vs2010\newton.vcxproj", "{68D9962C-0EC7-445A-B0FD-F87B16D43901}"
EndProject
Project("{8BC9CEB8-8B4A-11D0-8D11-00A0C91BC942}") = "physics", "..\Externals\newton\coreLibrary_200\projets\windows\project_vs2010\physics.vcxproj", "{39737A8F-6151-4259-8E39-25530345D4B4}"
EndProject
Project("{8BC9CEB8-8B4A-11D0-8D11-00A0C91BC942}") = "core", "..\Externals\newton\coreLibrary_200\projets\windows\project_vs2010\core.vcxproj", "{57AC4F2D-B115-4931-8F6E-AF8AD616B6AA}"
EndProject
Global
	GlobalSection(SolutionConfigurationPlatforms) = preSolution
		Debug|Win32 = Debug|Win32
		Debug|x64 = Debug|x64
		Release|Win32 = Release|Win32
		Release|x64 = Release|x64
	EndGlobalSection
	GlobalSection(ProjectConfigurationPlatforms) = postSolution
		{422176D6-9F6C-4344-90A5-3520C7213826}.Debug|Win32.ActiveCfg = Debug|Win32
		{422176D6-9F6C-4344-90A5-3520C7213826}.Debug|Win32.Build.0 = Debug|Win32
		{422176D6-9F6C-4344-90A5-3520C7213826}.Debug|x64.ActiveCfg = Debug|Win32
		{422176D6-9F6C-4344-90A5-3520C7213826}.Release|Win32.ActiveCfg = Release|Win32
		{422176D6-9F6C-4344-90A5-3520C7213826}.Release|Win32.Build.0 = Release|Win32
		{422176D6-9F6C-4344-90A5-3520C7213826}.Release|x64.ActiveCfg = Release|Win32
		{413D151A-E7AC-419A-B9C1-E270E686F949}.Debug|Win32.ActiveCfg = Debug|Win32
		{413D151A-E7AC-419A-B9C1-E270E686F949}.Debug|Win32.Build.0 = Debug|Win32
		{413D151A-E7AC-419A-B9C1-E270E686F949}.Debug|x64.ActiveCfg = Debug|Win32
		{413D151A-E7AC-419A-B9C1-E270E686F949}.Release|Win32.ActiveCfg = Release|Win32
		{413D151A-E7AC-419A-B9C1-E270E686F949}.Release|Win32.Build.0 = Release|Win32
		{413D151A-E7AC-419A-B9C1-E270E686F949}.Release|x64.ActiveCfg = Release|Win32
		{A260EC1A-1997-4D03-8B91-1302498EB505}.Debug|Win32.ActiveCfg = Debug|Win32
		{A260EC1A-1997-4D03-8B91-1302498EB505}.Debug|Win32.Build.0 = Debug|Win32
		{A260EC1A-1997-4D03-8B91-1302498EB505}.Debug|x64.ActiveCfg = Debug|Win32
		{A260EC1A-1997-4D03-8B91-1302498EB505}.Release|Win32.ActiveCfg = Release|Win32
		{A260EC1A-1997-4D03-8B91-1302498EB505}.Release|Win32.Build.0 = Release|Win32
		{A260EC1A-1997-4D03-8B91-1302498EB505}.Release|x64.ActiveCfg = Release|Win32
		{2DA0FBD5-BE5E-4505-B7C1-DE1A05027184}.Debug|Win32.ActiveCfg = Debug|Win32
		{2DA0FBD5-BE5E-4505-B7C1-DE1A05027184}.Debug|Win32.Build.0 = Debug|Win32
		{2DA0FBD5-BE5E-4505-B7C1-DE1A05027184}.Debug|x64.ActiveCfg = Debug|Win32
		{2DA0FBD5-BE5E-4505-B7C1-DE1A05027184}.Release|Win32.ActiveCfg = Release|Win32
		{2DA0FBD5-BE5E-4505-B7C1-DE1A05027184}.Release|Win32.Build.0 = Release|Win32
		{2DA0FBD5-BE5E-4505-B7C1-DE1A05027184}.Release|x64.ActiveCfg = Release|Win32
		{E8CF1ADA-264A-4127-86C2-FD7057D3792C}.Debug|Win32.ActiveCfg = Debug|Win32
		{E8CF1ADA-264A-4127-86C2-FD7057D3792C}.Debug|Win32.Build.0 = Debug|Win32
		{E8CF1ADA-264A-4127-86C2-FD7057D3792C}.Debug|x64.ActiveCfg = Debug|x64
		{E8CF1ADA-264A-4127-86C2-FD7057D3792C}.Debug|x64.Build.0 = Debug|x64
		{E8CF1ADA-264A-4127-86C2-FD7057D3792C}.Release|Win32.ActiveCfg = Release|Win32
		{E8CF1ADA-264A-4127-86C2-FD7057D3792C}.Release|Win32.Build.0 = Release|Win32
		{E8CF1ADA-264A-4127-86C2-FD7057D3792C}.Release|x64.ActiveCfg = Release|x64
		{E8CF1ADA-264A-4127-86C2-FD7057D3792C}.Release|x64.Build.0 = Release|x64
		{78B079BD-9FC7-4B9E-B4A6-96DA0F00248B}.Debug|Win32.ActiveCfg = Debug|Win32
		{78B079BD-9FC7-4B9E-B4A6-96DA0F00248B}.Debug|Win32.Build.0 = Debug|Win32
		{78B079BD-9FC7-4B9E-B4A6-96DA0F00248B}.Debug|x64.ActiveCfg = Debug|Win32
		{78B079BD-9FC7-4B9E-B4A6-96DA0F00248B}.Release|Win32.ActiveCfg = Release|Win32
		{78B079BD-9FC7-4B9E-B4A6-96DA0F00248B}.Release|Win32.Build.0 = Release|Win32
		{78B079BD-9FC7-4B9E-B4A6-96DA0F00248B}.Release|x64.ActiveCfg = Release|Win32
		{E9497471-6143-4E9A-8DB2-436EDAD37B65}.Debug|Win32.ActiveCfg = Debug|Win32
		{E9497471-6143-4E9A-8DB2-436EDAD37B65}.Debug|Win32.Build.0 = Debug|Win32
		{E9497471-6143-4E9A-8DB2-436EDAD37B65}.Debug|x64.ActiveCfg = Debug|Win32
		{E9497471-6143-4E9A-8DB2-436EDAD37B65}.Release|Win32.ActiveCfg = Release|Win32
		{E9497471-6143-4E9A-8DB2-436EDAD37B65}.Release|Win32.Build.0 = Release|Win32
		{E9497471-6143-4E9A-8DB2-436EDAD37B65}.Release|x64.ActiveCfg = Release|Win32
		{B5919129-6716-499D-9516-04EC34C86CDF}.Debug|Win32.ActiveCfg = Debug|Win32
		{B5919129-6716-499D-9516-04EC34C86CDF}.Debug|Win32.Build.0 = Debug|Win32
		{B5919129-6716-499D-9516-04EC34C86CDF}.Debug|x64.ActiveCfg = Debug|x64
		{B5919129-6716-499D-9516-04EC34C86CDF}.Debug|x64.Build.0 = Debug|x64
		{B5919129-6716-499D-9516-04EC34C86CDF}.Release|Win32.ActiveCfg = Release|Win32
		{B5919129-6716-499D-9516-04EC34C86CDF}.Release|Win32.Build.0 = Release|Win32
		{B5919129-6716-499D-9516-04EC34C86CDF}.Release|x64.ActiveCfg = Release|x64
		{B5919129-6716-499D-9516-04EC34C86CDF}.Release|x64.Build.0 = Release|x64
		{CB20ECFF-02B2-46F3-A7F0-12086C75CFD5}.Debug|Win32.ActiveCfg = Debug|Win32
		{CB20ECFF-02B2-46F3-A7F0-12086C75CFD5}.Debug|Win32.Build.0 = Debug|Win32
		{CB20ECFF-02B2-46F3-A7F0-12086C75CFD5}.Debug|x64.ActiveCfg = Debug|Win32
		{CB20ECFF-02B2-46F3-A7F0-12086C75CFD5}.Release|Win32.ActiveCfg = Release|Win32
		{CB20ECFF-02B2-46F3-A7F0-12086C75CFD5}.Release|Win32.Build.0 = Release|Win32
		{CB20ECFF-02B2-46F3-A7F0-12086C75CFD5}.Release|x64.ActiveCfg = Release|Win32
		{E5E11765-B5B8-4013-9098-DD7ED97E7905}.Debug|Win32.ActiveCfg = Debug|Win32
		{E5E11765-B5B8-4013-9098-DD7ED97E7905}.Debug|Win32.Build.0 = Debug|Win32
		{E5E11765-B5B8-4013-9098-DD7ED97E7905}.Debug|x64.ActiveCfg = Debug|Win32
		{E5E11765-B5B8-4013-9098-DD7ED97E7905}.Release|Win32.ActiveCfg = Release|Win32
		{E5E11765-B5B8-4013-9098-DD7ED97E7905}.Release|Win32.Build.0 = Release|Win32
		{E5E11765-B5B8-4013-9098-DD7ED97E7905}.Release|x64.ActiveCfg = Release|Win32
		{68D9962C-0EC7-445A-B0FD-F87B16D43901}.Debug|Win32.ActiveCfg = debugSingleLibMt|Win32
		{68D9962C-0EC7-445A-B0FD-F87B16D43901}.Debug|Win32.Build.0 = debugSingleLibMt|Win32
		{68D9962C-0EC7-445A-B0FD-F87B16D43901}.Debug|x64.ActiveCfg = debugSingleLibMt|x64
		{68D9962C-0EC7-445A-B0FD-F87B16D43901}.Debug|x64.Build.0 = debugSingleLibMt|x64
		{68D9962C-0EC7-445A-B0FD-F87B16D43901}.Release|Win32.ActiveCfg = Release|Win32
		{68D9962C-0EC7-445A-B0FD-F87B16D43901}.Release|Win32.Build.0 = Release|Win32
		{68D9962C-0EC7-445A-B0FD-F87B16D43901}.Release|x64.ActiveCfg = Release|x64
		{68D9962C-0EC7-445A-B0FD-F87B16D43901}.Release|x64.Build.0 = Release|x64
		{39737A8F-6151-4259-8E39-25530345D4B4}.Debug|Win32.ActiveCfg = debugSingleLibMt|Win32
		{39737A8F-6151-4259-8E39-25530345D4B4}.Debug|Win32.Build.0 = debugSingleLibMt|Win32
		{39737A8F-6151-4259-8E39-25530345D4B4}.Debug|x64.ActiveCfg = debugSingleLibMt|x64
		{39737A8F-6151-4259-8E39-25530345D4B4}.Debug|x64.Build.0 = debugSingleLibMt|x64
		{39737A8F-6151-4259-8E39-25530345D4B4}.Release|Win32.ActiveCfg = Release|Win32
		{39737A8F-6151-4259-8E39-25530345D4B4}.Release|Win32.Build.0 = Release|Win32
		{39737A8F-6151-4259-8E39-25530345D4B4}.Release|x64.ActiveCfg = Release|x64
		{39737A8F-6151-4259-8E39-25530345D4B4}.Release|x64.Build.0 = Release|x64
		{57AC4F2D-B115-4931-8F6E-AF8AD616B6AA}.Debug|Win32.ActiveCfg = debugSingleLibMt|Win32
		{57AC4F2D-B115-4931-8F6E-AF8AD616B6AA}.Debug|Win32.Build.0 = debugSingleLibMt|Win32
		{57AC4F2D-B115-4931-8F6E-AF8AD616B6AA}.Debug|x64.ActiveCfg = debugSingleLibMt|x64
		{57AC4F2D-B115-4931-8F6E-AF8AD616B6AA}.Debug|x64.Build.0 = debugSingleLibMt|x64
		{57AC4F2D-B115-4931-8F6E-AF8AD616B6AA}.Release|Win32.ActiveCfg = Release|Win32
		{57AC4F2D-B115-4931-8F6E-AF8AD616B6AA}.Release|Win32.Build.0 = Release|Win32
		{57AC4F2D-B115-4931-8F6E-AF8AD616B6AA}.Release|x64.ActiveCfg = Release|x64
		{57AC4F2D-B115-4931-8F6E-AF8AD616B6AA}.Release|x64.Build.0 = Release|x64
	EndGlobalSection
	GlobalSection(SolutionProperties) = preSolution
		HideSolutionNode = FALSE
	EndGlobalSection
	GlobalSection(NestedProjects) = preSolution
		{413D151A-E7AC-419A-B9C1-E270E686F949} = {D273C37D-565D-4E02-9FA2-5B1E3A2C6CB5}
		{A260EC1A-1997-4D03-8B91-1302498EB505} = {D273C37D-565D-4E02-9FA2-5B1E3A2C6CB5}
		{2DA0FBD5-BE5E-4505-B7C1-DE1A05027184} = {D273C37D-565D-4E02-9FA2-5B1E3A2C6CB5}
		{422176D6-9F6C-4344-90A5-3520C7213826} = {D273C37D-565D-4E02-9FA2-5B1E3A2C6CB5}
		{CDAA83D8-5CE1-4006-821C-79C29EA233E2} = {06130638-6021-4B2E-9616-5500B665DC24}
		{78B079BD-9FC7-4B9E-B4A6-96DA0F00248B} = {06130638-6021-4B2E-9616-5500B665DC24}
		{E9497471-6143-4E9A-8DB2-436EDAD37B65} = {06130638-6021-4B2E-9616-5500B665DC24}
		{9B39E445-904F-438A-A014-B6AD0BAE75D5} = {06130638-6021-4B2E-9616-5500B665DC24}
		{B5919129-6716-499D-9516-04EC34C86CDF} = {CDAA83D8-5CE1-4006-821C-79C29EA233E2}
		{E8CF1ADA-264A-4127-86C2-FD7057D3792C} = {CDAA83D8-5CE1-4006-821C-79C29EA233E2}
		{E5E11765-B5B8-4013-9098-DD7ED97E7905} = {2C6009EC-F2E3-4439-A33E-78F9EF365898}
		{57AC4F2D-B115-4931-8F6E-AF8AD616B6AA} = {9B39E445-904F-438A-A014-B6AD0BAE75D5}
		{68D9962C-0EC7-445A-B0FD-F87B16D43901} = {9B39E445-904F-438A-A014-B6AD0BAE75D5}
		{39737A8F-6151-4259-8E39-25530345D4B4} = {9B39E445-904F-438A-A014-B6AD0BAE75D5}
	EndGlobalSection
	GlobalSection(ExtensibilityGlobals) = postSolution
		AMDCaProjectFile = C:\Newton_200\3dlib\tools\newton\CodeAnalyst\newton_2008.caw
	EndGlobalSection
EndGlobal
